// !$*UTF8*$!
{
	archiveVersion = 1;
	classes = {
	};
	objectVersion = 46;
	objects = {

/* Begin PBXBuildFile section */
		A376C0BD1A021CD600A9ED8C /* main.cpp in Sources */ = {isa = PBXBuildFile; fileRef = A376C0BA1A021CD600A9ED8C /* main.cpp */; };
		A376C0BE1A021CD600A9ED8C /* rc4.cpp in Sources */ = {isa = PBXBuildFile; fileRef = A376C0BB1A021CD600A9ED8C /* rc4.cpp */; };
/* End PBXBuildFile section */

/* Begin PBXCopyFilesBuildPhase section */
		A01C81A41964FADD00D2633F /* CopyFiles */ = {
			isa = PBXCopyFilesBuildPhase;
			buildActionMask = 12;
			dstPath = "";
			dstSubfolderSpec = 13;
			files = (
			);
			runOnlyForDeploymentPostprocessing = 0;
		};
/* End PBXCopyFilesBuildPhase section */

/* Begin PBXFileReference section */
		A01C81A61964FADD00D2633F /* rc4 */ = {isa = PBXFileReference; explicitFileType = "compiled.mach-o.executable"; includeInIndex = 0; path = rc4; sourceTree = BUILT_PRODUCTS_DIR; };
		A01C81D919655F7400D2633F /* Foundation.framework */ = {isa = PBXFileReference; lastKnownFileType = wrapper.framework; name = Foundation.framework; path = System/Library/Frameworks/Foundation.framework; sourceTree = SDKROOT; };
		A01C81DB19655F7500D2633F /* CoreGraphics.framework */ = {isa = PBXFileReference; lastKnownFileType = wrapper.framework; name = CoreGraphics.framework; path = System/Library/Frameworks/CoreGraphics.framework; sourceTree = SDKROOT; };
		A376C0BA1A021CD600A9ED8C /* main.cpp */ = {isa = PBXFileReference; fileEncoding = 4; lastKnownFileType = sourcecode.cpp.cpp; path = main.cpp; sourceTree = SOURCE_ROOT; };
		A376C0BB1A021CD600A9ED8C /* rc4.cpp */ = {isa = PBXFileReference; fileEncoding = 4; lastKnownFileType = sourcecode.cpp.cpp; path = rc4.cpp; sourceTree = SOURCE_ROOT; };
		A376C0BC1A021CD600A9ED8C /* rc4.h */ = {isa = PBXFileReference; fileEncoding = 4; lastKnownFileType = sourcecode.c.h; path = rc4.h; sourceTree = SOURCE_ROOT; };
/* End PBXFileReference section */

/* Begin PBXFrameworksBuildPhase section */
		A01C81A31964FADD00D2633F /* Frameworks */ = {
			isa = PBXFrameworksBuildPhase;
			buildActionMask = 2147483647;
			files = (
			);
			runOnlyForDeploymentPostprocessing = 0;
		};
/* End PBXFrameworksBuildPhase section */

/* Begin PBXGroup section */
		A01C819D1964FADD00D2633F = {
			isa = PBXGroup;
			children = (
				A3A01CEF19FDD91D00622EF3 /* src */,
				A01C81D819655F7400D2633F /* Frameworks */,
				A08B989E19666F53005CD70E /* Resources */,
				A01C81A71964FADD00D2633F /* Products */,
			);
			sourceTree = "<group>";
		};
		A01C81A71964FADD00D2633F /* Products */ = {
			isa = PBXGroup;
			children = (
				A01C81A61964FADD00D2633F /* rc4 */,
			);
			name = Products;
			sourceTree = "<group>";
		};
		A01C81D819655F7400D2633F /* Frameworks */ = {
			isa = PBXGroup;
			children = (
				A01C81D919655F7400D2633F /* Foundation.framework */,
				A01C81DB19655F7500D2633F /* CoreGraphics.framework */,
			);
			name = Frameworks;
			sourceTree = "<group>";
		};
		A08B989E19666F53005CD70E /* Resources */ = {
			isa = PBXGroup;
			children = (
			);
			name = Resources;
			sourceTree = "<group>";
		};
		A3A01CEF19FDD91D00622EF3 /* src */ = {
			isa = PBXGroup;
			children = (
				A376C0BA1A021CD600A9ED8C /* main.cpp */,
				A376C0BB1A021CD600A9ED8C /* rc4.cpp */,
				A376C0BC1A021CD600A9ED8C /* rc4.h */,
			);
			path = src;
			sourceTree = "<group>";
		};
/* End PBXGroup section */

/* Begin PBXNativeTarget section */
		A01C81A51964FADD00D2633F /* rc4 */ = {
			isa = PBXNativeTarget;
			buildConfigurationList = A01C81AF1964FADD00D2633F /* Build configuration list for PBXNativeTarget "rc4" */;
			buildPhases = (
				A01C81A21964FADD00D2633F /* Sources */,
				A01C81A31964FADD00D2633F /* Frameworks */,
				A01C81A41964FADD00D2633F /* CopyFiles */,
			);
			buildRules = (
			);
			dependencies = (
			);
			name = rc4;
			productName = rc4;
			productReference = A01C81A61964FADD00D2633F /* rc4 */;
			productType = "com.apple.product-type.tool";
		};
/* End PBXNativeTarget section */

/* Begin PBXProject section */
		A01C819E1964FADD00D2633F /* Project object */ = {
			isa = PBXProject;
			attributes = {
				LastUpgradeCheck = 0510;
				ORGANIZATIONNAME = d9;
			};
			buildConfigurationList = A01C81A11964FADD00D2633F /* Build configuration list for PBXProject "rc4" */;
			compatibilityVersion = "Xcode 3.2";
			developmentRegion = English;
			hasScannedForEncodings = 0;
			knownRegions = (
				en,
			);
			mainGroup = A01C819D1964FADD00D2633F;
			productRefGroup = A01C81A71964FADD00D2633F /* Products */;
			projectDirPath = "";
			projectRoot = "";
			targets = (
				A01C81A51964FADD00D2633F /* rc4 */,
			);
		};
/* End PBXProject section */

/* Begin PBXSourcesBuildPhase section */
		A01C81A21964FADD00D2633F /* Sources */ = {
			isa = PBXSourcesBuildPhase;
			buildActionMask = 2147483647;
			files = (
				A376C0BD1A021CD600A9ED8C /* main.cpp in Sources */,
				A376C0BE1A021CD600A9ED8C /* rc4.cpp in Sources */,
			);
			runOnlyForDeploymentPostprocessing = 0;
		};
/* End PBXSourcesBuildPhase section */

/* Begin XCBuildConfiguration section */
		A01C81AD1964FADD00D2633F /* Debug */ = {
			isa = XCBuildConfiguration;
			buildSettings = {
				ALWAYS_SEARCH_USER_PATHS = NO;
				CLANG_CXX_LANGUAGE_STANDARD = "gnu++0x";
				CLANG_CXX_LIBRARY = "libc++";
				CLANG_ENABLE_MODULES = YES;
				CLANG_ENABLE_OBJC_ARC = YES;
				CLANG_WARN_BOOL_CONVERSION = YES;
				CLANG_WARN_CONSTANT_CONVERSION = YES;
				CLANG_WARN_DIRECT_OBJC_ISA_USAGE = YES_ERROR;
				CLANG_WARN_EMPTY_BODY = YES;
				CLANG_WARN_ENUM_CONVERSION = YES;
				CLANG_WARN_INT_CONVERSION = YES;
				CLANG_WARN_OBJC_ROOT_CLASS = YES_ERROR;
				CLANG_WARN__DUPLICATE_METHOD_MATCH = YES;
				COPY_PHASE_STRIP = NO;
				GCC_C_LANGUAGE_STANDARD = gnu99;
				GCC_DYNAMIC_NO_PIC = NO;
				GCC_ENABLE_OBJC_EXCEPTIONS = YES;
				GCC_OPTIMIZATION_LEVEL = 0;
				GCC_PREPROCESSOR_DEFINITIONS = (
					"DEBUG=1",
					"$(inherited)",
				);
				GCC_SYMBOLS_PRIVATE_EXTERN = NO;
				GCC_WARN_64_TO_32_BIT_CONVERSION = YES;
				GCC_WARN_ABOUT_RETURN_TYPE = YES_ERROR;
				GCC_WARN_UNDECLARED_SELECTOR = YES;
				GCC_WARN_UNINITIALIZED_AUTOS = YES_AGGRESSIVE;
				GCC_WARN_UNUSED_FUNCTION = YES;
				GCC_WARN_UNUSED_VARIABLE = YES;
				HEADER_SEARCH_PATHS = (
					/usr/local/boost_1_55_0,
					"$(inherited)",
					/Applications/Xcode.app/Contents/Developer/Toolchains/XcodeDefault.xctoolchain/usr/include,
				);
				LIBRARY_SEARCH_PATHS = /usr/local/boost_1_55_0/stage/lib;
				MACOSX_DEPLOYMENT_TARGET = 10.9;
				ONLY_ACTIVE_ARCH = YES;
				SDKROOT = macosx;
			};
			name = Debug;
		};
		A01C81AE1964FADD00D2633F /* Release */ = {
			isa = XCBuildConfiguration;
			buildSettings = {
				ALWAYS_SEARCH_USER_PATHS = NO;
				CLANG_CXX_LANGUAGE_STANDARD = "gnu++0x";
				CLANG_CXX_LIBRARY = "libc++";
				CLANG_ENABLE_MODULES = YES;
				CLANG_ENABLE_OBJC_ARC = YES;
				CLANG_WARN_BOOL_CONVERSION = YES;
				CLANG_WARN_CONSTANT_CONVERSION = YES;
				CLANG_WARN_DIRECT_OBJC_ISA_USAGE = YES_ERROR;
				CLANG_WARN_EMPTY_BODY = YES;
				CLANG_WARN_ENUM_CONVERSION = YES;
				CLANG_WARN_INT_CONVERSION = YES;
				CLANG_WARN_OBJC_ROOT_CLASS = YES_ERROR;
				CLANG_WARN__DUPLICATE_METHOD_MATCH = YES;
				COPY_PHASE_STRIP = YES;
				DEBUG_INFORMATION_FORMAT = "dwarf-with-dsym";
				ENABLE_NS_ASSERTIONS = NO;
				GCC_C_LANGUAGE_STANDARD = gnu99;
				GCC_ENABLE_OBJC_EXCEPTIONS = YES;
				GCC_WARN_64_TO_32_BIT_CONVERSION = YES;
				GCC_WARN_ABOUT_RETURN_TYPE = YES_ERROR;
				GCC_WARN_UNDECLARED_SELECTOR = YES;
				GCC_WARN_UNINITIALIZED_AUTOS = YES_AGGRESSIVE;
				GCC_WARN_UNUSED_FUNCTION = YES;
				GCC_WARN_UNUSED_VARIABLE = YES;
				HEADER_SEARCH_PATHS = (
					/usr/local/boost_1_55_0,
					"$(inherited)",
					/Applications/Xcode.app/Contents/Developer/Toolchains/XcodeDefault.xctoolchain/usr/include,
				);
				LIBRARY_SEARCH_PATHS = /usr/local/boost_1_55_0/stage/lib;
				MACOSX_DEPLOYMENT_TARGET = 10.9;
				SDKROOT = macosx;
			};
			name = Release;
		};
		A01C81B01964FADD00D2633F /* Debug */ = {
			isa = XCBuildConfiguration;
			buildSettings = {
				HEADER_SEARCH_PATHS = (
					/Volumes/Mac/usr/local/boost_1_55_0,
					"$(inherited)",
					/Applications/Xcode.app/Contents/Developer/Toolchains/XcodeDefault.xctoolchain/usr/include,
				);
				LIBRARY_SEARCH_PATHS = (
					"$(inherited)",
					/Volumes/Mac/usr/local/boost_1_55_0/stage/lib,
					"$(PROJECT_DIR)/Resources",
					"$(PROJECT_DIR)/lib",
				);
				PRODUCT_NAME = "$(TARGET_NAME)";
			};
			name = Debug;
		};
		A01C81B11964FADD00D2633F /* Release */ = {
			isa = XCBuildConfiguration;
			buildSettings = {
				HEADER_SEARCH_PATHS = (
					/Volumes/Mac/usr/local/boost_1_55_0,
					"$(inherited)",
					/Applications/Xcode.app/Contents/Developer/Toolchains/XcodeDefault.xctoolchain/usr/include,
				);
				LIBRARY_SEARCH_PATHS = (
					"$(inherited)",
					/Volumes/Mac/usr/local/boost_1_55_0/stage/lib,
					"$(PROJECT_DIR)/Resources",
					"$(PROJECT_DIR)/lib",
				);
				PRODUCT_NAME = "$(TARGET_NAME)";
			};
			name = Release;
		};
/* End XCBuildConfiguration section */

/* Begin XCConfigurationList section */
		A01C81A11964FADD00D2633F /* Build configuration list for PBXProject "rc4" */ = {
			isa = XCConfigurationList;
			buildConfigurations = (
				A01C81AD1964FADD00D2633F /* Debug */,
				A01C81AE1964FADD00D2633F /* Release */,
			);
			defaultConfigurationIsVisible = 0;
			defaultConfigurationName = Release;
		};
		A01C81AF1964FADD00D2633F /* Build configuration list for PBXNativeTarget "rc4" */ = {
			isa = XCConfigurationList;
			buildConfigurations = (
				A01C81B01964FADD00D2633F /* Debug */,
				A01C81B11964FADD00D2633F /* Release */,
			);
			defaultConfigurationIsVisible = 0;
			defaultConfigurationName = Release;
		};
/* End XCConfigurationList section */
	};
	rootObject = A01C819E1964FADD00D2633F /* Project object */;
}
